
Microsoft Visual Studio Solution File, Format Version 12.00
# Visual Studio Version 16
VisualStudioVersion = 16.0.30309.148
MinimumVisualStudioVersion = 10.0.40219.1
Project("{FAE04EC0-301F-11D3-BF4B-00C04F79EFBC}") = "DogeChat.Android", "DogeChat\DogeChat.Android\DogeChat.Android.csproj", "{555308AA-68C9-4C39-A643-647D8004B92C}"
EndProject
Project("{9A19103F-16F7-4668-BE54-9A1E7A4F7556}") = "DogeChat", "DogeChat\DogeChat\DogeChat.csproj", "{65EDC020-F2BA-4B93-80B8-3A616BC90897}"
EndProject
Global
	GlobalSection(SolutionConfigurationPlatforms) = preSolution
		Debug|Any CPU = Debug|Any CPU
		Debug|iPhone = Debug|iPhone
		Debug|iPhoneSimulator = Debug|iPhoneSimulator
		Release|Any CPU = Release|Any CPU
		Release|iPhone = Release|iPhone
		Release|iPhoneSimulator = Release|iPhoneSimulator
	EndGlobalSection
	GlobalSection(ProjectConfigurationPlatforms) = postSolution
		{555308AA-68C9-4C39-A643-647D8004B92C}.Debug|Any CPU.ActiveCfg = Debug|Any CPU
		{555308AA-68C9-4C39-A643-647D8004B92C}.Debug|Any CPU.Build.0 = Debug|Any CPU
		{555308AA-68C9-4C39-A643-647D8004B92C}.Debug|Any CPU.Deploy.0 = Debug|Any CPU
		{555308AA-68C9-4C39-A643-647D8004B92C}.Debug|iPhone.ActiveCfg = Debug|Any CPU
		{555308AA-68C9-4C39-A643-647D8004B92C}.Debug|iPhone.Build.0 = Debug|Any CPU
		{555308AA-68C9-4C39-A643-647D8004B92C}.Debug|iPhone.Deploy.0 = Debug|Any CPU
		{555308AA-68C9-4C39-A643-647D8004B92C}.Debug|iPhoneSimulator.ActiveCfg = Debug|Any CPU
		{555308AA-68C9-4C39-A643-647D8004B92C}.Debug|iPhoneSimulator.Build.0 = Debug|Any CPU
		{555308AA-68C9-4C39-A643-647D8004B92C}.Debug|iPhoneSimulator.Deploy.0 = Debug|Any CPU
		{555308AA-68C9-4C39-A643-647D8004B92C}.Release|Any CPU.ActiveCfg = Release|Any CPU
		{555308AA-68C9-4C39-A643-647D8004B92C}.Release|Any CPU.Build.0 = Release|Any CPU
		{555308AA-68C9-4C39-A643-647D8004B92C}.Release|Any CPU.Deploy.0 = Release|Any CPU
		{555308AA-68C9-4C39-A643-647D8004B92C}.Release|iPhone.ActiveCfg = Release|Any CPU
		{555308AA-68C9-4C39-A643-647D8004B92C}.Release|iPhone.Build.0 = Release|Any CPU
		{555308AA-68C9-4C39-A643-647D8004B92C}.Release|iPhone.Deploy.0 = Release|Any CPU
		{555308AA-68C9-4C39-A643-647D8004B92C}.Release|iPhoneSimulator.ActiveCfg = Release|Any CPU
		{555308AA-68C9-4C39-A643-647D8004B92C}.Release|iPhoneSimulator.Build.0 = Release|Any CPU
		{555308AA-68C9-4C39-A643-647D8004B92C}.Release|iPhoneSimulator.Deploy.0 = Release|Any CPU
		{65EDC020-F2BA-4B93-80B8-3A616BC90897}.Debug|Any CPU.ActiveCfg = Debug|Any CPU
		{65EDC020-F2BA-4B93-80B8-3A616BC90897}.Debug|Any CPU.Build.0 = Debug|Any CPU
		{65EDC020-F2BA-4B93-80B8-3A616BC90897}.Debug|Any CPU.Deploy.0 = Debug|Any CPU
		{65EDC020-F2BA-4B93-80B8-3A616BC90897}.Debug|iPhone.ActiveCfg = Debug|Any CPU
		{65EDC020-F2BA-4B93-80B8-3A616BC90897}.Debug|iPhone.Build.0 = Debug|Any CPU
		{65EDC020-F2BA-4B93-80B8-3A616BC90897}.Debug|iPhone.Deploy.0 = Debug|Any CPU
		{65EDC020-F2BA-4B93-80B8-3A616BC90897}.Debug|iPhoneSimulator.ActiveCfg = Debug|Any CPU
		{65EDC020-F2BA-4B93-80B8-3A616BC90897}.Debug|iPhoneSimulator.Build.0 = Debug|Any CPU
		{65EDC020-F2BA-4B93-80B8-3A616BC90897}.Debug|iPhoneSimulator.Deploy.0 = Debug|Any CPU
		{65EDC020-F2BA-4B93-80B8-3A616BC90897}.Release|Any CPU.ActiveCfg = Release|Any CPU
		{65EDC020-F2BA-4B93-80B8-3A616BC90897}.Release|Any CPU.Build.0 = Release|Any CPU
		{65EDC020-F2BA-4B93-80B8-3A616BC90897}.Release|Any CPU.Deploy.0 = Release|Any CPU
		{65EDC020-F2BA-4B93-80B8-3A616BC90897}.Release|iPhone.ActiveCfg = Release|Any CPU
		{65EDC020-F2BA-4B93-80B8-3A616BC90897}.Release|iPhone.Build.0 = Release|Any CPU
		{65EDC020-F2BA-4B93-80B8-3A616BC90897}.Release|iPhone.Deploy.0 = Release|Any CPU
		{65EDC020-F2BA-4B93-80B8-3A616BC90897}.Release|iPhoneSimulator.ActiveCfg = Release|Any CPU
		{65EDC020-F2BA-4B93-80B8-3A616BC90897}.Release|iPhoneSimulator.Build.0 = Release|Any CPU
		{65EDC020-F2BA-4B93-80B8-3A616BC90897}.Release|iPhoneSimulator.Deploy.0 = Release|Any CPU
	EndGlobalSection
	GlobalSection(SolutionProperties) = preSolution
		HideSolutionNode = FALSE
	EndGlobalSection
	GlobalSection(ExtensibilityGlobals) = postSolution
		SolutionGuid = {666B6F59-3181-4633-91BA-8EE40365EA66}
	EndGlobalSection
EndGlobal
